
Microsoft Visual Studio Solution File, Format Version 12.00
# Visual Studio 14
VisualStudioVersion = 14.0.24720.0
MinimumVisualStudioVersion = 10.0.40219.1
Project("{2150E333-8FDC-42A3-9474-1A3956D46DE8}") = "Jitter", "Jitter", "{494B9F47-EE3C-4AF9-AB1E-149AED06F8A9}"
EndProject
Project("{FAE04EC0-301F-11D3-BF4B-00C04F79EFBC}") = "Jitter", "Dependencies\Jitter\Jitter\Jitter.csproj", "{AA03EF1A-94F7-4D30-AB14-2092863FF923}"
EndProject
Project("{FAE04EC0-301F-11D3-BF4B-00C04F79EFBC}") = "Jitter OpenGL", "Dependencies\Jitter\Other\Jitter OpenGL\Jitter_OpenGL\Jitter OpenGL.csproj", "{5EB96E05-373F-4278-929A-5ADCCEC1F9C7}"
EndProject
Project("{2150E333-8FDC-42A3-9474-1A3956D46DE8}") = "OOGL", "OOGL", "{FC3788B0-E824-4BAB-83FA-ED9FFC1C3ADB}"
EndProject
Project("{FAE04EC0-301F-11D3-BF4B-00C04F79EFBC}") = "OOGL", "Dependencies\OOGL\OOGL.csproj", "{195AAF4A-3E4C-4FEA-92F6-0CD63FB3FE4B}"
EndProject
Project("{FAE04EC0-301F-11D3-BF4B-00C04F79EFBC}") = "OOGL.GUI", "Dependencies\OOGL\GUI\OOGL.GUI.csproj", "{998CEEA2-6895-4BD2-93C0-53E8EF0AF569}"
EndProject
Project("{FAE04EC0-301F-11D3-BF4B-00C04F79EFBC}") = "Ms3dLoader", "Dependencies\OOGL\Ms3dLoader\Ms3dLoader.csproj", "{D725737B-8D2A-492B-AB5E-F82120A85813}"
EndProject
Project("{FAE04EC0-301F-11D3-BF4B-00C04F79EFBC}") = "Example", "Dependencies\OOGL\Example\Example.csproj", "{0BC4B0C8-02EE-497D-99D9-2E3AA90A5E41}"
EndProject
Project("{2150E333-8FDC-42A3-9474-1A3956D46DE8}") = "OpenTK", "OpenTK", "{09CFFAA7-5973-4A2E-8980-0854B5688472}"
EndProject
Project("{FAE04EC0-301F-11D3-BF4B-00C04F79EFBC}") = "OpenTK", "Dependencies\OpenTK\Source\OpenTK\OpenTK.csproj", "{A37A7E14-0000-0000-0000-000000000000}"
EndProject
Project("{FAE04EC0-301F-11D3-BF4B-00C04F79EFBC}") = "OpenTK.Compatibility", "Dependencies\OpenTK\Source\Compatibility\OpenTK.Compatibility.csproj", "{62C0DB35-0000-0000-0000-000000000000}"
EndProject
Project("{FAE04EC0-301F-11D3-BF4B-00C04F79EFBC}") = "OpenTK.GLControl", "Dependencies\OpenTK\Source\GLControl\OpenTK.GLControl.csproj", "{A625BE88-0000-0000-0000-000000000000}"
EndProject
Project("{FAE04EC0-301F-11D3-BF4B-00C04F79EFBC}") = "OpenTK.Examples", "Dependencies\OpenTK\Source\Examples\OpenTK.Examples.csproj", "{868E37B3-0000-0000-0000-000000000000}"
EndProject
Global
	GlobalSection(SolutionConfigurationPlatforms) = preSolution
		Debug|Any CPU = Debug|Any CPU
		Debug|Mixed Platforms = Debug|Mixed Platforms
		Debug|x86 = Debug|x86
		Documentation|Any CPU = Documentation|Any CPU
		Documentation|Mixed Platforms = Documentation|Mixed Platforms
		Documentation|x86 = Documentation|x86
		Nsis|Any CPU = Nsis|Any CPU
		Nsis|Mixed Platforms = Nsis|Mixed Platforms
		Nsis|x86 = Nsis|x86
		Release|Any CPU = Release|Any CPU
		Release|Mixed Platforms = Release|Mixed Platforms
		Release|x86 = Release|x86
	EndGlobalSection
	GlobalSection(ProjectConfigurationPlatforms) = postSolution
		{AA03EF1A-94F7-4D30-AB14-2092863FF923}.Debug|Any CPU.ActiveCfg = Debug|Any CPU
		{AA03EF1A-94F7-4D30-AB14-2092863FF923}.Debug|Any CPU.Build.0 = Debug|Any CPU
		{AA03EF1A-94F7-4D30-AB14-2092863FF923}.Debug|Mixed Platforms.ActiveCfg = Debug|Any CPU
		{AA03EF1A-94F7-4D30-AB14-2092863FF923}.Debug|x86.ActiveCfg = Debug|Any CPU
		{AA03EF1A-94F7-4D30-AB14-2092863FF923}.Documentation|Any CPU.ActiveCfg = Debug|Any CPU
		{AA03EF1A-94F7-4D30-AB14-2092863FF923}.Documentation|Any CPU.Build.0 = Debug|Any CPU
		{AA03EF1A-94F7-4D30-AB14-2092863FF923}.Documentation|Mixed Platforms.ActiveCfg = Debug|Any CPU
		{AA03EF1A-94F7-4D30-AB14-2092863FF923}.Documentation|Mixed Platforms.Build.0 = Debug|Any CPU
		{AA03EF1A-94F7-4D30-AB14-2092863FF923}.Documentation|x86.ActiveCfg = Debug|Any CPU
		{AA03EF1A-94F7-4D30-AB14-2092863FF923}.Documentation|x86.Build.0 = Debug|Any CPU
		{AA03EF1A-94F7-4D30-AB14-2092863FF923}.Nsis|Any CPU.ActiveCfg = Release|Any CPU
		{AA03EF1A-94F7-4D30-AB14-2092863FF923}.Nsis|Any CPU.Build.0 = Release|Any CPU
		{AA03EF1A-94F7-4D30-AB14-2092863FF923}.Nsis|Mixed Platforms.ActiveCfg = Release|Any CPU
		{AA03EF1A-94F7-4D30-AB14-2092863FF923}.Nsis|Mixed Platforms.Build.0 = Release|Any CPU
		{AA03EF1A-94F7-4D30-AB14-2092863FF923}.Nsis|x86.ActiveCfg = Release|Any CPU
		{AA03EF1A-94F7-4D30-AB14-2092863FF923}.Nsis|x86.Build.0 = Release|Any CPU
		{AA03EF1A-94F7-4D30-AB14-2092863FF923}.Release|Any CPU.ActiveCfg = Release|Any CPU
		{AA03EF1A-94F7-4D30-AB14-2092863FF923}.Release|Any CPU.Build.0 = Release|Any CPU
		{AA03EF1A-94F7-4D30-AB14-2092863FF923}.Release|Mixed Platforms.ActiveCfg = Release|Any CPU
		{AA03EF1A-94F7-4D30-AB14-2092863FF923}.Release|x86.ActiveCfg = Release|Any CPU
		{5EB96E05-373F-4278-929A-5ADCCEC1F9C7}.Debug|Any CPU.ActiveCfg = Debug|x86
		{5EB96E05-373F-4278-929A-5ADCCEC1F9C7}.Debug|Mixed Platforms.ActiveCfg = Debug|x86
		{5EB96E05-373F-4278-929A-5ADCCEC1F9C7}.Debug|x86.ActiveCfg = Debug|x86
		{5EB96E05-373F-4278-929A-5ADCCEC1F9C7}.Documentation|Any CPU.ActiveCfg = Release|x86
		{5EB96E05-373F-4278-929A-5ADCCEC1F9C7}.Documentation|Any CPU.Build.0 = Release|x86
		{5EB96E05-373F-4278-929A-5ADCCEC1F9C7}.Documentation|Mixed Platforms.ActiveCfg = Debug|x86
		{5EB96E05-373F-4278-929A-5ADCCEC1F9C7}.Documentation|Mixed Platforms.Build.0 = Debug|x86
		{5EB96E05-373F-4278-929A-5ADCCEC1F9C7}.Documentation|x86.ActiveCfg = Debug|x86
		{5EB96E05-373F-4278-929A-5ADCCEC1F9C7}.Documentation|x86.Build.0 = Debug|x86
		{5EB96E05-373F-4278-929A-5ADCCEC1F9C7}.Nsis|Any CPU.ActiveCfg = Release|x86
		{5EB96E05-373F-4278-929A-5ADCCEC1F9C7}.Nsis|Any CPU.Build.0 = Release|x86
		{5EB96E05-373F-4278-929A-5ADCCEC1F9C7}.Nsis|Mixed Platforms.ActiveCfg = Release|x86
		{5EB96E05-373F-4278-929A-5ADCCEC1F9C7}.Nsis|Mixed Platforms.Build.0 = Release|x86
		{5EB96E05-373F-4278-929A-5ADCCEC1F9C7}.Nsis|x86.ActiveCfg = Release|x86
		{5EB96E05-373F-4278-929A-5ADCCEC1F9C7}.Nsis|x86.Build.0 = Release|x86
		{5EB96E05-373F-4278-929A-5ADCCEC1F9C7}.Release|Any CPU.ActiveCfg = Release|x86
		{5EB96E05-373F-4278-929A-5ADCCEC1F9C7}.Release|Mixed Platforms.ActiveCfg = Release|x86
		{5EB96E05-373F-4278-929A-5ADCCEC1F9C7}.Release|x86.ActiveCfg = Release|x86
		{195AAF4A-3E4C-4FEA-92F6-0CD63FB3FE4B}.Debug|Any CPU.ActiveCfg = Debug|Any CPU
		{195AAF4A-3E4C-4FEA-92F6-0CD63FB3FE4B}.Debug|Any CPU.Build.0 = Debug|Any CPU
		{195AAF4A-3E4C-4FEA-92F6-0CD63FB3FE4B}.Debug|Mixed Platforms.ActiveCfg = Debug|Any CPU
		{195AAF4A-3E4C-4FEA-92F6-0CD63FB3FE4B}.Debug|Mixed Platforms.Build.0 = Debug|Any CPU
		{195AAF4A-3E4C-4FEA-92F6-0CD63FB3FE4B}.Debug|x86.ActiveCfg = Debug|Any CPU
		{195AAF4A-3E4C-4FEA-92F6-0CD63FB3FE4B}.Debug|x86.Build.0 = Debug|Any CPU
		{195AAF4A-3E4C-4FEA-92F6-0CD63FB3FE4B}.Documentation|Any CPU.ActiveCfg = Debug|Any CPU
		{195AAF4A-3E4C-4FEA-92F6-0CD63FB3FE4B}.Documentation|Any CPU.Build.0 = Debug|Any CPU
		{195AAF4A-3E4C-4FEA-92F6-0CD63FB3FE4B}.Documentation|Mixed Platforms.ActiveCfg = Debug|Any CPU
		{195AAF4A-3E4C-4FEA-92F6-0CD63FB3FE4B}.Documentation|Mixed Platforms.Build.0 = Debug|Any CPU
		{195AAF4A-3E4C-4FEA-92F6-0CD63FB3FE4B}.Documentation|x86.ActiveCfg = Debug|Any CPU
		{195AAF4A-3E4C-4FEA-92F6-0CD63FB3FE4B}.Documentation|x86.Build.0 = Debug|Any CPU
		{195AAF4A-3E4C-4FEA-92F6-0CD63FB3FE4B}.Nsis|Any CPU.ActiveCfg = Release|Any CPU
		{195AAF4A-3E4C-4FEA-92F6-0CD63FB3FE4B}.Nsis|Any CPU.Build.0 = Release|Any CPU
		{195AAF4A-3E4C-4FEA-92F6-0CD63FB3FE4B}.Nsis|Mixed Platforms.ActiveCfg = Release|Any CPU
		{195AAF4A-3E4C-4FEA-92F6-0CD63FB3FE4B}.Nsis|Mixed Platforms.Build.0 = Release|Any CPU
		{195AAF4A-3E4C-4FEA-92F6-0CD63FB3FE4B}.Nsis|x86.ActiveCfg = Release|Any CPU
		{195AAF4A-3E4C-4FEA-92F6-0CD63FB3FE4B}.Nsis|x86.Build.0 = Release|Any CPU
		{195AAF4A-3E4C-4FEA-92F6-0CD63FB3FE4B}.Release|Any CPU.ActiveCfg = Release|Any CPU
		{195AAF4A-3E4C-4FEA-92F6-0CD63FB3FE4B}.Release|Any CPU.Build.0 = Release|Any CPU
		{195AAF4A-3E4C-4FEA-92F6-0CD63FB3FE4B}.Release|Mixed Platforms.ActiveCfg = Release|Any CPU
		{195AAF4A-3E4C-4FEA-92F6-0CD63FB3FE4B}.Release|Mixed Platforms.Build.0 = Release|Any CPU
		{195AAF4A-3E4C-4FEA-92F6-0CD63FB3FE4B}.Release|x86.ActiveCfg = Release|Any CPU
		{195AAF4A-3E4C-4FEA-92F6-0CD63FB3FE4B}.Release|x86.Build.0 = Release|Any CPU
		{998CEEA2-6895-4BD2-93C0-53E8EF0AF569}.Debug|Any CPU.ActiveCfg = Debug|Any CPU
		{998CEEA2-6895-4BD2-93C0-53E8EF0AF569}.Debug|Any CPU.Build.0 = Debug|Any CPU
		{998CEEA2-6895-4BD2-93C0-53E8EF0AF569}.Debug|Mixed Platforms.ActiveCfg = Debug|Any CPU
		{998CEEA2-6895-4BD2-93C0-53E8EF0AF569}.Debug|Mixed Platforms.Build.0 = Debug|Any CPU
		{998CEEA2-6895-4BD2-93C0-53E8EF0AF569}.Debug|x86.ActiveCfg = Debug|Any CPU
		{998CEEA2-6895-4BD2-93C0-53E8EF0AF569}.Debug|x86.Build.0 = Debug|Any CPU
		{998CEEA2-6895-4BD2-93C0-53E8EF0AF569}.Documentation|Any CPU.ActiveCfg = Debug|Any CPU
		{998CEEA2-6895-4BD2-93C0-53E8EF0AF569}.Documentation|Any CPU.Build.0 = Debug|Any CPU
		{998CEEA2-6895-4BD2-93C0-53E8EF0AF569}.Documentation|Mixed Platforms.ActiveCfg = Debug|Any CPU
		{998CEEA2-6895-4BD2-93C0-53E8EF0AF569}.Documentation|Mixed Platforms.Build.0 = Debug|Any CPU
		{998CEEA2-6895-4BD2-93C0-53E8EF0AF569}.Documentation|x86.ActiveCfg = Debug|Any CPU
		{998CEEA2-6895-4BD2-93C0-53E8EF0AF569}.Documentation|x86.Build.0 = Debug|Any CPU
		{998CEEA2-6895-4BD2-93C0-53E8EF0AF569}.Nsis|Any CPU.ActiveCfg = Release|Any CPU
		{998CEEA2-6895-4BD2-93C0-53E8EF0AF569}.Nsis|Any CPU.Build.0 = Release|Any CPU
		{998CEEA2-6895-4BD2-93C0-53E8EF0AF569}.Nsis|Mixed Platforms.ActiveCfg = Release|Any CPU
		{998CEEA2-6895-4BD2-93C0-53E8EF0AF569}.Nsis|Mixed Platforms.Build.0 = Release|Any CPU
		{998CEEA2-6895-4BD2-93C0-53E8EF0AF569}.Nsis|x86.ActiveCfg = Release|Any CPU
		{998CEEA2-6895-4BD2-93C0-53E8EF0AF569}.Nsis|x86.Build.0 = Release|Any CPU
		{998CEEA2-6895-4BD2-93C0-53E8EF0AF569}.Release|Any CPU.ActiveCfg = Release|Any CPU
		{998CEEA2-6895-4BD2-93C0-53E8EF0AF569}.Release|Any CPU.Build.0 = Release|Any CPU
		{998CEEA2-6895-4BD2-93C0-53E8EF0AF569}.Release|Mixed Platforms.ActiveCfg = Release|Any CPU
		{998CEEA2-6895-4BD2-93C0-53E8EF0AF569}.Release|Mixed Platforms.Build.0 = Release|Any CPU
		{998CEEA2-6895-4BD2-93C0-53E8EF0AF569}.Release|x86.ActiveCfg = Release|Any CPU
		{998CEEA2-6895-4BD2-93C0-53E8EF0AF569}.Release|x86.Build.0 = Release|Any CPU
		{D725737B-8D2A-492B-AB5E-F82120A85813}.Debug|Any CPU.ActiveCfg = Debug|Any CPU
		{D725737B-8D2A-492B-AB5E-F82120A85813}.Debug|Mixed Platforms.ActiveCfg = Debug|Any CPU
		{D725737B-8D2A-492B-AB5E-F82120A85813}.Debug|x86.ActiveCfg = Debug|Any CPU
		{D725737B-8D2A-492B-AB5E-F82120A85813}.Documentation|Any CPU.ActiveCfg = Debug|Any CPU
		{D725737B-8D2A-492B-AB5E-F82120A85813}.Documentation|Any CPU.Build.0 = Debug|Any CPU
		{D725737B-8D2A-492B-AB5E-F82120A85813}.Documentation|Mixed Platforms.ActiveCfg = Debug|Any CPU
		{D725737B-8D2A-492B-AB5E-F82120A85813}.Documentation|Mixed Platforms.Build.0 = Debug|Any CPU
		{D725737B-8D2A-492B-AB5E-F82120A85813}.Documentation|x86.ActiveCfg = Debug|Any CPU
		{D725737B-8D2A-492B-AB5E-F82120A85813}.Documentation|x86.Build.0 = Debug|Any CPU
		{D725737B-8D2A-492B-AB5E-F82120A85813}.Nsis|Any CPU.ActiveCfg = Release|Any CPU
		{D725737B-8D2A-492B-AB5E-F82120A85813}.Nsis|Any CPU.Build.0 = Release|Any CPU
		{D725737B-8D2A-492B-AB5E-F82120A85813}.Nsis|Mixed Platforms.ActiveCfg = Release|Any CPU
		{D725737B-8D2A-492B-AB5E-F82120A85813}.Nsis|Mixed Platforms.Build.0 = Release|Any CPU
		{D725737B-8D2A-492B-AB5E-F82120A85813}.Nsis|x86.ActiveCfg = Release|Any CPU
		{D725737B-8D2A-492B-AB5E-F82120A85813}.Nsis|x86.Build.0 = Release|Any CPU
		{D725737B-8D2A-492B-AB5E-F82120A85813}.Release|Any CPU.ActiveCfg = Release|Any CPU
		{D725737B-8D2A-492B-AB5E-F82120A85813}.Release|Mixed Platforms.ActiveCfg = Release|Any CPU
		{D725737B-8D2A-492B-AB5E-F82120A85813}.Release|x86.ActiveCfg = Release|Any CPU
		{0BC4B0C8-02EE-497D-99D9-2E3AA90A5E41}.Debug|Any CPU.ActiveCfg = Debug|Any CPU
		{0BC4B0C8-02EE-497D-99D9-2E3AA90A5E41}.Debug|Mixed Platforms.ActiveCfg = Debug|Any CPU
		{0BC4B0C8-02EE-497D-99D9-2E3AA90A5E41}.Debug|x86.ActiveCfg = Debug|Any CPU
		{0BC4B0C8-02EE-497D-99D9-2E3AA90A5E41}.Documentation|Any CPU.ActiveCfg = Debug|Any CPU
		{0BC4B0C8-02EE-497D-99D9-2E3AA90A5E41}.Documentation|Any CPU.Build.0 = Debug|Any CPU
		{0BC4B0C8-02EE-497D-99D9-2E3AA90A5E41}.Documentation|Mixed Platforms.ActiveCfg = Debug|Any CPU
		{0BC4B0C8-02EE-497D-99D9-2E3AA90A5E41}.Documentation|Mixed Platforms.Build.0 = Debug|Any CPU
		{0BC4B0C8-02EE-497D-99D9-2E3AA90A5E41}.Documentation|x86.ActiveCfg = Debug|Any CPU
		{0BC4B0C8-02EE-497D-99D9-2E3AA90A5E41}.Documentation|x86.Build.0 = Debug|Any CPU
		{0BC4B0C8-02EE-497D-99D9-2E3AA90A5E41}.Nsis|Any CPU.ActiveCfg = Release|Any CPU
		{0BC4B0C8-02EE-497D-99D9-2E3AA90A5E41}.Nsis|Any CPU.Build.0 = Release|Any CPU
		{0BC4B0C8-02EE-497D-99D9-2E3AA90A5E41}.Nsis|Mixed Platforms.ActiveCfg = Release|Any CPU
		{0BC4B0C8-02EE-497D-99D9-2E3AA90A5E41}.Nsis|Mixed Platforms.Build.0 = Release|Any CPU
		{0BC4B0C8-02EE-497D-99D9-2E3AA90A5E41}.Nsis|x86.ActiveCfg = Release|Any CPU
		{0BC4B0C8-02EE-497D-99D9-2E3AA90A5E41}.Nsis|x86.Build.0 = Release|Any CPU
		{0BC4B0C8-02EE-497D-99D9-2E3AA90A5E41}.Release|Any CPU.ActiveCfg = Release|Any CPU
		{0BC4B0C8-02EE-497D-99D9-2E3AA90A5E41}.Release|Mixed Platforms.ActiveCfg = Release|Any CPU
		{0BC4B0C8-02EE-497D-99D9-2E3AA90A5E41}.Release|x86.ActiveCfg = Release|Any CPU
		{A37A7E14-0000-0000-0000-000000000000}.Debug|Any CPU.ActiveCfg = Debug|Any CPU
		{A37A7E14-0000-0000-0000-000000000000}.Debug|Any CPU.Build.0 = Debug|Any CPU
		{A37A7E14-0000-0000-0000-000000000000}.Debug|Mixed Platforms.ActiveCfg = Debug|Any CPU
		{A37A7E14-0000-0000-0000-000000000000}.Debug|Mixed Platforms.Build.0 = Debug|Any CPU
		{A37A7E14-0000-0000-0000-000000000000}.Debug|x86.ActiveCfg = Debug|Any CPU
		{A37A7E14-0000-0000-0000-000000000000}.Debug|x86.Build.0 = Debug|Any CPU
		{A37A7E14-0000-0000-0000-000000000000}.Documentation|Any CPU.ActiveCfg = Documentation|Any CPU
		{A37A7E14-0000-0000-0000-000000000000}.Documentation|Any CPU.Build.0 = Documentation|Any CPU
		{A37A7E14-0000-0000-0000-000000000000}.Documentation|Mixed Platforms.ActiveCfg = Documentation|Any CPU
		{A37A7E14-0000-0000-0000-000000000000}.Documentation|Mixed Platforms.Build.0 = Documentation|Any CPU
		{A37A7E14-0000-0000-0000-000000000000}.Documentation|x86.ActiveCfg = Documentation|Any CPU
		{A37A7E14-0000-0000-0000-000000000000}.Documentation|x86.Build.0 = Documentation|Any CPU
		{A37A7E14-0000-0000-0000-000000000000}.Nsis|Any CPU.ActiveCfg = Nsis|Any CPU
		{A37A7E14-0000-0000-0000-000000000000}.Nsis|Any CPU.Build.0 = Nsis|Any CPU
		{A37A7E14-0000-0000-0000-000000000000}.Nsis|Mixed Platforms.ActiveCfg = Nsis|Any CPU
		{A37A7E14-0000-0000-0000-000000000000}.Nsis|Mixed Platforms.Build.0 = Nsis|Any CPU
		{A37A7E14-0000-0000-0000-000000000000}.Nsis|x86.ActiveCfg = Nsis|Any CPU
		{A37A7E14-0000-0000-0000-000000000000}.Nsis|x86.Build.0 = Nsis|Any CPU
		{A37A7E14-0000-0000-0000-000000000000}.Release|Any CPU.ActiveCfg = Release|Any CPU
		{A37A7E14-0000-0000-0000-000000000000}.Release|Any CPU.Build.0 = Release|Any CPU
		{A37A7E14-0000-0000-0000-000000000000}.Release|Mixed Platforms.ActiveCfg = Release|Any CPU
		{A37A7E14-0000-0000-0000-000000000000}.Release|Mixed Platforms.Build.0 = Release|Any CPU
		{A37A7E14-0000-0000-0000-000000000000}.Release|x86.ActiveCfg = Release|Any CPU
		{A37A7E14-0000-0000-0000-000000000000}.Release|x86.Build.0 = Release|Any CPU
		{62C0DB35-0000-0000-0000-000000000000}.Debug|Any CPU.ActiveCfg = Debug|Any CPU
		{62C0DB35-0000-0000-0000-000000000000}.Debug|Any CPU.Build.0 = Debug|Any CPU
		{62C0DB35-0000-0000-0000-000000000000}.Debug|Mixed Platforms.ActiveCfg = Debug|Any CPU
		{62C0DB35-0000-0000-0000-000000000000}.Debug|Mixed Platforms.Build.0 = Debug|Any CPU
		{62C0DB35-0000-0000-0000-000000000000}.Debug|x86.ActiveCfg = Debug|Any CPU
		{62C0DB35-0000-0000-0000-000000000000}.Debug|x86.Build.0 = Debug|Any CPU
		{62C0DB35-0000-0000-0000-000000000000}.Documentation|Any CPU.ActiveCfg = Documentation|Any CPU
		{62C0DB35-0000-0000-0000-000000000000}.Documentation|Any CPU.Build.0 = Documentation|Any CPU
		{62C0DB35-0000-0000-0000-000000000000}.Documentation|Mixed Platforms.ActiveCfg = Documentation|Any CPU
		{62C0DB35-0000-0000-0000-000000000000}.Documentation|Mixed Platforms.Build.0 = Documentation|Any CPU
		{62C0DB35-0000-0000-0000-000000000000}.Documentation|x86.ActiveCfg = Documentation|Any CPU
		{62C0DB35-0000-0000-0000-000000000000}.Documentation|x86.Build.0 = Documentation|Any CPU
		{62C0DB35-0000-0000-0000-000000000000}.Nsis|Any CPU.ActiveCfg = Nsis|Any CPU
		{62C0DB35-0000-0000-0000-000000000000}.Nsis|Any CPU.Build.0 = Nsis|Any CPU
		{62C0DB35-0000-0000-0000-000000000000}.Nsis|Mixed Platforms.ActiveCfg = Nsis|Any CPU
		{62C0DB35-0000-0000-0000-000000000000}.Nsis|Mixed Platforms.Build.0 = Nsis|Any CPU
		{62C0DB35-0000-0000-0000-000000000000}.Nsis|x86.ActiveCfg = Nsis|Any CPU
		{62C0DB35-0000-0000-0000-000000000000}.Nsis|x86.Build.0 = Nsis|Any CPU
		{62C0DB35-0000-0000-0000-000000000000}.Release|Any CPU.ActiveCfg = Release|Any CPU
		{62C0DB35-0000-0000-0000-000000000000}.Release|Any CPU.Build.0 = Release|Any CPU
		{62C0DB35-0000-0000-0000-000000000000}.Release|Mixed Platforms.ActiveCfg = Release|Any CPU
		{62C0DB35-0000-0000-0000-000000000000}.Release|Mixed Platforms.Build.0 = Release|Any CPU
		{62C0DB35-0000-0000-0000-000000000000}.Release|x86.ActiveCfg = Release|Any CPU
		{62C0DB35-0000-0000-0000-000000000000}.Release|x86.Build.0 = Release|Any CPU
		{A625BE88-0000-0000-0000-000000000000}.Debug|Any CPU.ActiveCfg = Debug|Any CPU
		{A625BE88-0000-0000-0000-000000000000}.Debug|Any CPU.Build.0 = Debug|Any CPU
		{A625BE88-0000-0000-0000-000000000000}.Debug|Mixed Platforms.ActiveCfg = Debug|Any CPU
		{A625BE88-0000-0000-0000-000000000000}.Debug|Mixed Platforms.Build.0 = Debug|Any CPU
		{A625BE88-0000-0000-0000-000000000000}.Debug|x86.ActiveCfg = Debug|Any CPU
		{A625BE88-0000-0000-0000-000000000000}.Debug|x86.Build.0 = Debug|Any CPU
		{A625BE88-0000-0000-0000-000000000000}.Documentation|Any CPU.ActiveCfg = Documentation|Any CPU
		{A625BE88-0000-0000-0000-000000000000}.Documentation|Any CPU.Build.0 = Documentation|Any CPU
		{A625BE88-0000-0000-0000-000000000000}.Documentation|Mixed Platforms.ActiveCfg = Documentation|Any CPU
		{A625BE88-0000-0000-0000-000000000000}.Documentation|Mixed Platforms.Build.0 = Documentation|Any CPU
		{A625BE88-0000-0000-0000-000000000000}.Documentation|x86.ActiveCfg = Documentation|Any CPU
		{A625BE88-0000-0000-0000-000000000000}.Documentation|x86.Build.0 = Documentation|Any CPU
		{A625BE88-0000-0000-0000-000000000000}.Nsis|Any CPU.ActiveCfg = Nsis|Any CPU
		{A625BE88-0000-0000-0000-000000000000}.Nsis|Any CPU.Build.0 = Nsis|Any CPU
		{A625BE88-0000-0000-0000-000000000000}.Nsis|Mixed Platforms.ActiveCfg = Nsis|Any CPU
		{A625BE88-0000-0000-0000-000000000000}.Nsis|Mixed Platforms.Build.0 = Nsis|Any CPU
		{A625BE88-0000-0000-0000-000000000000}.Nsis|x86.ActiveCfg = Nsis|Any CPU
		{A625BE88-0000-0000-0000-000000000000}.Nsis|x86.Build.0 = Nsis|Any CPU
		{A625BE88-0000-0000-0000-000000000000}.Release|Any CPU.ActiveCfg = Release|Any CPU
		{A625BE88-0000-0000-0000-000000000000}.Release|Any CPU.Build.0 = Release|Any CPU
		{A625BE88-0000-0000-0000-000000000000}.Release|Mixed Platforms.ActiveCfg = Release|Any CPU
		{A625BE88-0000-0000-0000-000000000000}.Release|Mixed Platforms.Build.0 = Release|Any CPU
		{A625BE88-0000-0000-0000-000000000000}.Release|x86.ActiveCfg = Release|Any CPU
		{A625BE88-0000-0000-0000-000000000000}.Release|x86.Build.0 = Release|Any CPU
		{868E37B3-0000-0000-0000-000000000000}.Debug|Any CPU.ActiveCfg = Debug|Any CPU
		{868E37B3-0000-0000-0000-000000000000}.Debug|Any CPU.Build.0 = Debug|Any CPU
		{868E37B3-0000-0000-0000-000000000000}.Debug|Mixed Platforms.ActiveCfg = Debug|Any CPU
		{868E37B3-0000-0000-0000-000000000000}.Debug|Mixed Platforms.Build.0 = Debug|Any CPU
		{868E37B3-0000-0000-0000-000000000000}.Debug|x86.ActiveCfg = Debug|Any CPU
		{868E37B3-0000-0000-0000-000000000000}.Debug|x86.Build.0 = Debug|Any CPU
		{868E37B3-0000-0000-0000-000000000000}.Documentation|Any CPU.ActiveCfg = Documentation|Any CPU
		{868E37B3-0000-0000-0000-000000000000}.Documentation|Any CPU.Build.0 = Documentation|Any CPU
		{868E37B3-0000-0000-0000-000000000000}.Documentation|Mixed Platforms.ActiveCfg = Documentation|Any CPU
		{868E37B3-0000-0000-0000-000000000000}.Documentation|Mixed Platforms.Build.0 = Documentation|Any CPU
		{868E37B3-0000-0000-0000-000000000000}.Documentation|x86.ActiveCfg = Documentation|Any CPU
		{868E37B3-0000-0000-0000-000000000000}.Documentation|x86.Build.0 = Documentation|Any CPU
		{868E37B3-0000-0000-0000-000000000000}.Nsis|Any CPU.ActiveCfg = Nsis|Any CPU
		{868E37B3-0000-0000-0000-000000000000}.Nsis|Any CPU.Build.0 = Nsis|Any CPU
		{868E37B3-0000-0000-0000-000000000000}.Nsis|Mixed Platforms.ActiveCfg = Nsis|Any CPU
		{868E37B3-0000-0000-0000-000000000000}.Nsis|Mixed Platforms.Build.0 = Nsis|Any CPU
		{868E37B3-0000-0000-0000-000000000000}.Nsis|x86.ActiveCfg = Nsis|Any CPU
		{868E37B3-0000-0000-0000-000000000000}.Nsis|x86.Build.0 = Nsis|Any CPU
		{868E37B3-0000-0000-0000-000000000000}.Release|Any CPU.ActiveCfg = Release|Any CPU
		{868E37B3-0000-0000-0000-000000000000}.Release|Any CPU.Build.0 = Release|Any CPU
		{868E37B3-0000-0000-0000-000000000000}.Release|Mixed Platforms.ActiveCfg = Release|Any CPU
		{868E37B3-0000-0000-0000-000000000000}.Release|Mixed Platforms.Build.0 = Release|Any CPU
		{868E37B3-0000-0000-0000-000000000000}.Release|x86.ActiveCfg = Release|Any CPU
		{868E37B3-0000-0000-0000-000000000000}.Release|x86.Build.0 = Release|Any CPU
	EndGlobalSection
	GlobalSection(SolutionProperties) = preSolution
		HideSolutionNode = FALSE
	EndGlobalSection
	GlobalSection(NestedProjects) = preSolution
		{AA03EF1A-94F7-4D30-AB14-2092863FF923} = {494B9F47-EE3C-4AF9-AB1E-149AED06F8A9}
		{5EB96E05-373F-4278-929A-5ADCCEC1F9C7} = {494B9F47-EE3C-4AF9-AB1E-149AED06F8A9}
		{195AAF4A-3E4C-4FEA-92F6-0CD63FB3FE4B} = {FC3788B0-E824-4BAB-83FA-ED9FFC1C3ADB}
		{998CEEA2-6895-4BD2-93C0-53E8EF0AF569} = {FC3788B0-E824-4BAB-83FA-ED9FFC1C3ADB}
		{D725737B-8D2A-492B-AB5E-F82120A85813} = {FC3788B0-E824-4BAB-83FA-ED9FFC1C3ADB}
		{0BC4B0C8-02EE-497D-99D9-2E3AA90A5E41} = {FC3788B0-E824-4BAB-83FA-ED9FFC1C3ADB}
		{A37A7E14-0000-0000-0000-000000000000} = {09CFFAA7-5973-4A2E-8980-0854B5688472}
		{62C0DB35-0000-0000-0000-000000000000} = {09CFFAA7-5973-4A2E-8980-0854B5688472}
		{A625BE88-0000-0000-0000-000000000000} = {09CFFAA7-5973-4A2E-8980-0854B5688472}
		{868E37B3-0000-0000-0000-000000000000} = {09CFFAA7-5973-4A2E-8980-0854B5688472}
	EndGlobalSection
	GlobalSection(MonoDevelopProperties) = preSolution
		StartupItem = Dependencies\mono-addins\Mono.Addins\Mono.Addins.csproj
	EndGlobalSection
EndGlobal
