
Microsoft Visual Studio Solution File, Format Version 12.00
# Visual Studio 2012
Project("{2150E333-8FDC-42A3-9474-1A3956D46DE8}") = "Jitter", "Jitter", "{494B9F47-EE3C-4AF9-AB1E-149AED06F8A9}"
EndProject
Project("{FAE04EC0-301F-11D3-BF4B-00C04F79EFBC}") = "Jitter", "Dependencies\Jitter\Jitter\Jitter.csproj", "{AA03EF1A-94F7-4D30-AB14-2092863FF923}"
EndProject
Project("{FAE04EC0-301F-11D3-BF4B-00C04F79EFBC}") = "Jitter OpenGL", "Dependencies\Jitter\Other\Jitter OpenGL\Jitter_OpenGL\Jitter OpenGL.csproj", "{5EB96E05-373F-4278-929A-5ADCCEC1F9C7}"
EndProject
Project("{2150E333-8FDC-42A3-9474-1A3956D46DE8}") = "OOGL", "OOGL", "{FC3788B0-E824-4BAB-83FA-ED9FFC1C3ADB}"
EndProject
Project("{FAE04EC0-301F-11D3-BF4B-00C04F79EFBC}") = "OOGL", "Dependencies\OOGL\OOGL.csproj", "{195AAF4A-3E4C-4FEA-92F6-0CD63FB3FE4B}"
EndProject
Project("{FAE04EC0-301F-11D3-BF4B-00C04F79EFBC}") = "OOGL.GUI", "Dependencies\OOGL\GUI\OOGL.GUI.csproj", "{998CEEA2-6895-4BD2-93C0-53E8EF0AF569}"
EndProject
Project("{FAE04EC0-301F-11D3-BF4B-00C04F79EFBC}") = "Ms3dLoader", "Dependencies\OOGL\Ms3dLoader\Ms3dLoader.csproj", "{D725737B-8D2A-492B-AB5E-F82120A85813}"
EndProject
Project("{FAE04EC0-301F-11D3-BF4B-00C04F79EFBC}") = "Example", "Dependencies\OOGL\Example\Example.csproj", "{0BC4B0C8-02EE-497D-99D9-2E3AA90A5E41}"
EndProject
Project("{2150E333-8FDC-42A3-9474-1A3956D46DE8}") = "Mono.Addins", "Mono.Addins", "{5CCC6976-0ADC-4B64-A0A1-F5950CAC96A4}"
EndProject
Project("{FAE04EC0-301F-11D3-BF4B-00C04F79EFBC}") = "Mono.Addins", "Dependencies\mono-addins\Mono.Addins\Mono.Addins.csproj", "{91DD5A2D-9FE3-4C3C-9253-876141874DAD}"
EndProject
Project("{FAE04EC0-301F-11D3-BF4B-00C04F79EFBC}") = "Mono.Addins.Setup", "Dependencies\mono-addins\Mono.Addins.Setup\Mono.Addins.Setup.csproj", "{A85C9721-C054-4BD8-A1F3-0227615F0A36}"
EndProject
Project("{FAE04EC0-301F-11D3-BF4B-00C04F79EFBC}") = "Mono.Addins.MSBuild", "Dependencies\mono-addins\Mono.Addins.MSBuild\Mono.Addins.MSBuild.csproj", "{B4B44F14-32C3-4D50-8C6A-06AA30E56CA3}"
EndProject
Project("{FAE04EC0-301F-11D3-BF4B-00C04F79EFBC}") = "mautil", "Dependencies\mono-addins\mautil\mautil.csproj", "{EA2F08DC-8289-4A89-A405-1A70D8B4C569}"
EndProject
Project("{FAE04EC0-301F-11D3-BF4B-00C04F79EFBC}") = "Mono.Addins.CecilReflector", "Dependencies\mono-addins\Mono.Addins.CecilReflector\Mono.Addins.CecilReflector.csproj", "{42D1CE65-A14B-4218-B787-58AD7AA68513}"
EndProject
Project("{FAE04EC0-301F-11D3-BF4B-00C04F79EFBC}") = "Mono.Addins.Gui", "Dependencies\mono-addins\Mono.Addins.Gui\Mono.Addins.Gui.csproj", "{FEC19BDA-4904-4005-8C09-68E82E8BEF6A}"
EndProject
Global
	GlobalSection(SolutionConfigurationPlatforms) = preSolution
		Debug|Any CPU = Debug|Any CPU
		Debug|Mixed Platforms = Debug|Mixed Platforms
		Debug|x86 = Debug|x86
		Release|Any CPU = Release|Any CPU
		Release|Mixed Platforms = Release|Mixed Platforms
		Release|x86 = Release|x86
	EndGlobalSection
	GlobalSection(ProjectConfigurationPlatforms) = postSolution
		{0BC4B0C8-02EE-497D-99D9-2E3AA90A5E41}.Debug|Any CPU.ActiveCfg = Debug|Any CPU
		{0BC4B0C8-02EE-497D-99D9-2E3AA90A5E41}.Debug|Mixed Platforms.ActiveCfg = Debug|Any CPU
		{0BC4B0C8-02EE-497D-99D9-2E3AA90A5E41}.Debug|x86.ActiveCfg = Debug|Any CPU
		{0BC4B0C8-02EE-497D-99D9-2E3AA90A5E41}.Release|Any CPU.ActiveCfg = Release|Any CPU
		{0BC4B0C8-02EE-497D-99D9-2E3AA90A5E41}.Release|Mixed Platforms.ActiveCfg = Release|Any CPU
		{0BC4B0C8-02EE-497D-99D9-2E3AA90A5E41}.Release|x86.ActiveCfg = Release|Any CPU
		{195AAF4A-3E4C-4FEA-92F6-0CD63FB3FE4B}.Debug|Any CPU.ActiveCfg = Debug|Any CPU
		{195AAF4A-3E4C-4FEA-92F6-0CD63FB3FE4B}.Debug|Any CPU.Build.0 = Debug|Any CPU
		{195AAF4A-3E4C-4FEA-92F6-0CD63FB3FE4B}.Debug|Mixed Platforms.ActiveCfg = Debug|Any CPU
		{195AAF4A-3E4C-4FEA-92F6-0CD63FB3FE4B}.Debug|Mixed Platforms.Build.0 = Debug|Any CPU
		{195AAF4A-3E4C-4FEA-92F6-0CD63FB3FE4B}.Debug|x86.ActiveCfg = Debug|Any CPU
		{195AAF4A-3E4C-4FEA-92F6-0CD63FB3FE4B}.Debug|x86.Build.0 = Debug|Any CPU
		{195AAF4A-3E4C-4FEA-92F6-0CD63FB3FE4B}.Release|Any CPU.ActiveCfg = Release|Any CPU
		{195AAF4A-3E4C-4FEA-92F6-0CD63FB3FE4B}.Release|Any CPU.Build.0 = Release|Any CPU
		{195AAF4A-3E4C-4FEA-92F6-0CD63FB3FE4B}.Release|Mixed Platforms.ActiveCfg = Release|Any CPU
		{195AAF4A-3E4C-4FEA-92F6-0CD63FB3FE4B}.Release|Mixed Platforms.Build.0 = Release|Any CPU
		{195AAF4A-3E4C-4FEA-92F6-0CD63FB3FE4B}.Release|x86.ActiveCfg = Release|Any CPU
		{195AAF4A-3E4C-4FEA-92F6-0CD63FB3FE4B}.Release|x86.Build.0 = Release|Any CPU
		{42D1CE65-A14B-4218-B787-58AD7AA68513}.Debug|Any CPU.ActiveCfg = Debug|Any CPU
		{42D1CE65-A14B-4218-B787-58AD7AA68513}.Debug|Mixed Platforms.ActiveCfg = Debug|Any CPU
		{42D1CE65-A14B-4218-B787-58AD7AA68513}.Debug|x86.ActiveCfg = Debug|Any CPU
		{42D1CE65-A14B-4218-B787-58AD7AA68513}.Release|Any CPU.ActiveCfg = Release|Any CPU
		{42D1CE65-A14B-4218-B787-58AD7AA68513}.Release|Mixed Platforms.ActiveCfg = Release|Any CPU
		{42D1CE65-A14B-4218-B787-58AD7AA68513}.Release|x86.ActiveCfg = Release|Any CPU
		{5EB96E05-373F-4278-929A-5ADCCEC1F9C7}.Debug|Any CPU.ActiveCfg = Debug|x86
		{5EB96E05-373F-4278-929A-5ADCCEC1F9C7}.Debug|Mixed Platforms.ActiveCfg = Debug|x86
		{5EB96E05-373F-4278-929A-5ADCCEC1F9C7}.Debug|x86.ActiveCfg = Debug|x86
		{5EB96E05-373F-4278-929A-5ADCCEC1F9C7}.Release|Any CPU.ActiveCfg = Release|x86
		{5EB96E05-373F-4278-929A-5ADCCEC1F9C7}.Release|Mixed Platforms.ActiveCfg = Release|x86
		{5EB96E05-373F-4278-929A-5ADCCEC1F9C7}.Release|x86.ActiveCfg = Release|x86
		{91DD5A2D-9FE3-4C3C-9253-876141874DAD}.Debug|Any CPU.ActiveCfg = Debug|Any CPU
		{91DD5A2D-9FE3-4C3C-9253-876141874DAD}.Debug|Any CPU.Build.0 = Debug|Any CPU
		{91DD5A2D-9FE3-4C3C-9253-876141874DAD}.Debug|Mixed Platforms.ActiveCfg = Debug|Any CPU
		{91DD5A2D-9FE3-4C3C-9253-876141874DAD}.Debug|Mixed Platforms.Build.0 = Debug|Any CPU
		{91DD5A2D-9FE3-4C3C-9253-876141874DAD}.Debug|x86.ActiveCfg = Debug|Any CPU
		{91DD5A2D-9FE3-4C3C-9253-876141874DAD}.Debug|x86.Build.0 = Debug|Any CPU
		{91DD5A2D-9FE3-4C3C-9253-876141874DAD}.Release|Any CPU.ActiveCfg = Release|Any CPU
		{91DD5A2D-9FE3-4C3C-9253-876141874DAD}.Release|Any CPU.Build.0 = Release|Any CPU
		{91DD5A2D-9FE3-4C3C-9253-876141874DAD}.Release|Mixed Platforms.ActiveCfg = Release|Any CPU
		{91DD5A2D-9FE3-4C3C-9253-876141874DAD}.Release|Mixed Platforms.Build.0 = Release|Any CPU
		{91DD5A2D-9FE3-4C3C-9253-876141874DAD}.Release|x86.ActiveCfg = Release|Any CPU
		{91DD5A2D-9FE3-4C3C-9253-876141874DAD}.Release|x86.Build.0 = Release|Any CPU
		{998CEEA2-6895-4BD2-93C0-53E8EF0AF569}.Debug|Any CPU.ActiveCfg = Debug|Any CPU
		{998CEEA2-6895-4BD2-93C0-53E8EF0AF569}.Debug|Any CPU.Build.0 = Debug|Any CPU
		{998CEEA2-6895-4BD2-93C0-53E8EF0AF569}.Debug|Mixed Platforms.ActiveCfg = Debug|Any CPU
		{998CEEA2-6895-4BD2-93C0-53E8EF0AF569}.Debug|Mixed Platforms.Build.0 = Debug|Any CPU
		{998CEEA2-6895-4BD2-93C0-53E8EF0AF569}.Debug|x86.ActiveCfg = Debug|Any CPU
		{998CEEA2-6895-4BD2-93C0-53E8EF0AF569}.Debug|x86.Build.0 = Debug|Any CPU
		{998CEEA2-6895-4BD2-93C0-53E8EF0AF569}.Release|Any CPU.ActiveCfg = Release|Any CPU
		{998CEEA2-6895-4BD2-93C0-53E8EF0AF569}.Release|Any CPU.Build.0 = Release|Any CPU
		{998CEEA2-6895-4BD2-93C0-53E8EF0AF569}.Release|Mixed Platforms.ActiveCfg = Release|Any CPU
		{998CEEA2-6895-4BD2-93C0-53E8EF0AF569}.Release|Mixed Platforms.Build.0 = Release|Any CPU
		{998CEEA2-6895-4BD2-93C0-53E8EF0AF569}.Release|x86.ActiveCfg = Release|Any CPU
		{998CEEA2-6895-4BD2-93C0-53E8EF0AF569}.Release|x86.Build.0 = Release|Any CPU
		{A85C9721-C054-4BD8-A1F3-0227615F0A36}.Debug|Any CPU.ActiveCfg = Debug|Any CPU
		{A85C9721-C054-4BD8-A1F3-0227615F0A36}.Debug|Any CPU.Build.0 = Debug|Any CPU
		{A85C9721-C054-4BD8-A1F3-0227615F0A36}.Debug|Mixed Platforms.ActiveCfg = Debug|Any CPU
		{A85C9721-C054-4BD8-A1F3-0227615F0A36}.Debug|Mixed Platforms.Build.0 = Debug|Any CPU
		{A85C9721-C054-4BD8-A1F3-0227615F0A36}.Debug|x86.ActiveCfg = Debug|Any CPU
		{A85C9721-C054-4BD8-A1F3-0227615F0A36}.Debug|x86.Build.0 = Debug|Any CPU
		{A85C9721-C054-4BD8-A1F3-0227615F0A36}.Release|Any CPU.ActiveCfg = Release|Any CPU
		{A85C9721-C054-4BD8-A1F3-0227615F0A36}.Release|Any CPU.Build.0 = Release|Any CPU
		{A85C9721-C054-4BD8-A1F3-0227615F0A36}.Release|Mixed Platforms.ActiveCfg = Release|Any CPU
		{A85C9721-C054-4BD8-A1F3-0227615F0A36}.Release|Mixed Platforms.Build.0 = Release|Any CPU
		{A85C9721-C054-4BD8-A1F3-0227615F0A36}.Release|x86.ActiveCfg = Release|Any CPU
		{A85C9721-C054-4BD8-A1F3-0227615F0A36}.Release|x86.Build.0 = Release|Any CPU
		{AA03EF1A-94F7-4D30-AB14-2092863FF923}.Debug|Any CPU.ActiveCfg = Debug|Any CPU
		{AA03EF1A-94F7-4D30-AB14-2092863FF923}.Debug|Mixed Platforms.ActiveCfg = Debug|Any CPU
		{AA03EF1A-94F7-4D30-AB14-2092863FF923}.Debug|x86.ActiveCfg = Debug|Any CPU
		{AA03EF1A-94F7-4D30-AB14-2092863FF923}.Release|Any CPU.ActiveCfg = Release|Any CPU
		{AA03EF1A-94F7-4D30-AB14-2092863FF923}.Release|Mixed Platforms.ActiveCfg = Release|Any CPU
		{AA03EF1A-94F7-4D30-AB14-2092863FF923}.Release|x86.ActiveCfg = Release|Any CPU
		{B4B44F14-32C3-4D50-8C6A-06AA30E56CA3}.Debug|Any CPU.ActiveCfg = Debug|Any CPU
		{B4B44F14-32C3-4D50-8C6A-06AA30E56CA3}.Debug|Any CPU.Build.0 = Debug|Any CPU
		{B4B44F14-32C3-4D50-8C6A-06AA30E56CA3}.Debug|Mixed Platforms.ActiveCfg = Debug|Any CPU
		{B4B44F14-32C3-4D50-8C6A-06AA30E56CA3}.Debug|Mixed Platforms.Build.0 = Debug|Any CPU
		{B4B44F14-32C3-4D50-8C6A-06AA30E56CA3}.Debug|x86.ActiveCfg = Debug|Any CPU
		{B4B44F14-32C3-4D50-8C6A-06AA30E56CA3}.Debug|x86.Build.0 = Debug|Any CPU
		{B4B44F14-32C3-4D50-8C6A-06AA30E56CA3}.Release|Any CPU.ActiveCfg = Release|Any CPU
		{B4B44F14-32C3-4D50-8C6A-06AA30E56CA3}.Release|Any CPU.Build.0 = Release|Any CPU
		{B4B44F14-32C3-4D50-8C6A-06AA30E56CA3}.Release|Mixed Platforms.ActiveCfg = Release|Any CPU
		{B4B44F14-32C3-4D50-8C6A-06AA30E56CA3}.Release|Mixed Platforms.Build.0 = Release|Any CPU
		{B4B44F14-32C3-4D50-8C6A-06AA30E56CA3}.Release|x86.ActiveCfg = Release|Any CPU
		{B4B44F14-32C3-4D50-8C6A-06AA30E56CA3}.Release|x86.Build.0 = Release|Any CPU
		{D725737B-8D2A-492B-AB5E-F82120A85813}.Debug|Any CPU.ActiveCfg = Debug|Any CPU
		{D725737B-8D2A-492B-AB5E-F82120A85813}.Debug|Mixed Platforms.ActiveCfg = Debug|Any CPU
		{D725737B-8D2A-492B-AB5E-F82120A85813}.Debug|x86.ActiveCfg = Debug|Any CPU
		{D725737B-8D2A-492B-AB5E-F82120A85813}.Release|Any CPU.ActiveCfg = Release|Any CPU
		{D725737B-8D2A-492B-AB5E-F82120A85813}.Release|Mixed Platforms.ActiveCfg = Release|Any CPU
		{D725737B-8D2A-492B-AB5E-F82120A85813}.Release|x86.ActiveCfg = Release|Any CPU
		{EA2F08DC-8289-4A89-A405-1A70D8B4C569}.Debug|Any CPU.ActiveCfg = Debug|Any CPU
		{EA2F08DC-8289-4A89-A405-1A70D8B4C569}.Debug|Any CPU.Build.0 = Debug|Any CPU
		{EA2F08DC-8289-4A89-A405-1A70D8B4C569}.Debug|Mixed Platforms.ActiveCfg = Debug|Any CPU
		{EA2F08DC-8289-4A89-A405-1A70D8B4C569}.Debug|Mixed Platforms.Build.0 = Debug|Any CPU
		{EA2F08DC-8289-4A89-A405-1A70D8B4C569}.Debug|x86.ActiveCfg = Debug|Any CPU
		{EA2F08DC-8289-4A89-A405-1A70D8B4C569}.Debug|x86.Build.0 = Debug|Any CPU
		{EA2F08DC-8289-4A89-A405-1A70D8B4C569}.Release|Any CPU.ActiveCfg = Release|Any CPU
		{EA2F08DC-8289-4A89-A405-1A70D8B4C569}.Release|Any CPU.Build.0 = Release|Any CPU
		{EA2F08DC-8289-4A89-A405-1A70D8B4C569}.Release|Mixed Platforms.ActiveCfg = Release|Any CPU
		{EA2F08DC-8289-4A89-A405-1A70D8B4C569}.Release|Mixed Platforms.Build.0 = Release|Any CPU
		{EA2F08DC-8289-4A89-A405-1A70D8B4C569}.Release|x86.ActiveCfg = Release|Any CPU
		{EA2F08DC-8289-4A89-A405-1A70D8B4C569}.Release|x86.Build.0 = Release|Any CPU
		{FEC19BDA-4904-4005-8C09-68E82E8BEF6A}.Debug|Any CPU.ActiveCfg = Release|Any CPU
		{FEC19BDA-4904-4005-8C09-68E82E8BEF6A}.Debug|Mixed Platforms.ActiveCfg = Release|Any CPU
		{FEC19BDA-4904-4005-8C09-68E82E8BEF6A}.Debug|x86.ActiveCfg = Release|Any CPU
		{FEC19BDA-4904-4005-8C09-68E82E8BEF6A}.Release|Any CPU.ActiveCfg = Release|Any CPU
		{FEC19BDA-4904-4005-8C09-68E82E8BEF6A}.Release|Mixed Platforms.ActiveCfg = Release|Any CPU
		{FEC19BDA-4904-4005-8C09-68E82E8BEF6A}.Release|x86.ActiveCfg = Release|Any CPU
		{E3AF0318-3307-4412-8660-B383CF76926C}.Debug|Any CPU.ActiveCfg = Debug|Any CPU
		{E3AF0318-3307-4412-8660-B383CF76926C}.Debug|Any CPU.Build.0 = Debug|Any CPU
		{E3AF0318-3307-4412-8660-B383CF76926C}.Debug|Mixed Platforms.ActiveCfg = Debug|Any CPU
		{E3AF0318-3307-4412-8660-B383CF76926C}.Debug|Mixed Platforms.Build.0 = Debug|Any CPU
		{E3AF0318-3307-4412-8660-B383CF76926C}.Debug|x86.ActiveCfg = Debug|Any CPU
		{E3AF0318-3307-4412-8660-B383CF76926C}.Release|Any CPU.ActiveCfg = Release|Any CPU
		{E3AF0318-3307-4412-8660-B383CF76926C}.Release|Any CPU.Build.0 = Release|Any CPU
		{E3AF0318-3307-4412-8660-B383CF76926C}.Release|Mixed Platforms.ActiveCfg = Release|Any CPU
		{E3AF0318-3307-4412-8660-B383CF76926C}.Release|Mixed Platforms.Build.0 = Release|Any CPU
		{E3AF0318-3307-4412-8660-B383CF76926C}.Release|x86.ActiveCfg = Release|Any CPU
	EndGlobalSection
	GlobalSection(NestedProjects) = preSolution
		{AA03EF1A-94F7-4D30-AB14-2092863FF923} = {494B9F47-EE3C-4AF9-AB1E-149AED06F8A9}
		{5EB96E05-373F-4278-929A-5ADCCEC1F9C7} = {494B9F47-EE3C-4AF9-AB1E-149AED06F8A9}
		{195AAF4A-3E4C-4FEA-92F6-0CD63FB3FE4B} = {FC3788B0-E824-4BAB-83FA-ED9FFC1C3ADB}
		{998CEEA2-6895-4BD2-93C0-53E8EF0AF569} = {FC3788B0-E824-4BAB-83FA-ED9FFC1C3ADB}
		{D725737B-8D2A-492B-AB5E-F82120A85813} = {FC3788B0-E824-4BAB-83FA-ED9FFC1C3ADB}
		{0BC4B0C8-02EE-497D-99D9-2E3AA90A5E41} = {FC3788B0-E824-4BAB-83FA-ED9FFC1C3ADB}
		{91DD5A2D-9FE3-4C3C-9253-876141874DAD} = {5CCC6976-0ADC-4B64-A0A1-F5950CAC96A4}
		{A85C9721-C054-4BD8-A1F3-0227615F0A36} = {5CCC6976-0ADC-4B64-A0A1-F5950CAC96A4}
		{B4B44F14-32C3-4D50-8C6A-06AA30E56CA3} = {5CCC6976-0ADC-4B64-A0A1-F5950CAC96A4}
		{EA2F08DC-8289-4A89-A405-1A70D8B4C569} = {5CCC6976-0ADC-4B64-A0A1-F5950CAC96A4}
		{42D1CE65-A14B-4218-B787-58AD7AA68513} = {5CCC6976-0ADC-4B64-A0A1-F5950CAC96A4}
		{FEC19BDA-4904-4005-8C09-68E82E8BEF6A} = {5CCC6976-0ADC-4B64-A0A1-F5950CAC96A4}
	EndGlobalSection
	GlobalSection(MonoDevelopProperties) = preSolution
		StartupItem = Dependencies\mono-addins\Mono.Addins\Mono.Addins.csproj
	EndGlobalSection
	GlobalSection(SolutionProperties) = preSolution
		HideSolutionNode = FALSE
	EndGlobalSection
EndGlobal
