
Microsoft Visual Studio Solution File, Format Version 11.00
# Visual Studio 2010
# SharpDevelop 4.3
Project("{2150E333-8FDC-42A3-9474-1A3956D46DE8}") = "Refs", "Refs", "{DEBB6187-BBD0-4073-80F6-35953E2E93E9}"
	ProjectSection(SolutionItems) = postProject
	EndProjectSection
EndProject
Project("{2150E333-8FDC-42A3-9474-1A3956D46DE8}") = "Mono.Addins", "Mono.Addins", "{EB54807C-494D-4361-BBF3-092202A61F31}"
	ProjectSection(SolutionItems) = postProject
	EndProjectSection
EndProject
Project("{FAE04EC0-301F-11D3-BF4B-00C04F79EFBC}") = "Mono.Addins", "mono-addins\Mono.Addins\Mono.Addins.csproj", "{91DD5A2D-9FE3-4C3C-9253-876141874DAD}"
EndProject
Project("{FAE04EC0-301F-11D3-BF4B-00C04F79EFBC}") = "mautil", "mono-addins\mautil\mautil.csproj", "{EA2F08DC-8289-4A89-A405-1A70D8B4C569}"
EndProject
Project("{FAE04EC0-301F-11D3-BF4B-00C04F79EFBC}") = "Mono.Addins.CecilReflector", "mono-addins\Mono.Addins.CecilReflector\Mono.Addins.CecilReflector.csproj", "{42D1CE65-A14B-4218-B787-58AD7AA68513}"
EndProject
Project("{FAE04EC0-301F-11D3-BF4B-00C04F79EFBC}") = "Mono.Addins.MSBuild", "mono-addins\Mono.Addins.MSBuild\Mono.Addins.MSBuild.csproj", "{B4B44F14-32C3-4D50-8C6A-06AA30E56CA3}"
EndProject
Project("{FAE04EC0-301F-11D3-BF4B-00C04F79EFBC}") = "Mono.Addins.Setup", "mono-addins\Mono.Addins.Setup\Mono.Addins.Setup.csproj", "{A85C9721-C054-4BD8-A1F3-0227615F0A36}"
EndProject
Project("{2150E333-8FDC-42A3-9474-1A3956D46DE8}") = "Boo", "Boo", "{BCE759CF-38D7-45B1-A53B-86772EB21ED1}"
	ProjectSection(SolutionItems) = postProject
	EndProjectSection
EndProject
Project("{A33008B1-5DAC-44D5-9060-242E3B6E38F2}") = "Boo.Lang.Extensions", "Boo.Lang.Extensions\Boo.Lang.Extensions.booproj", "{48E18542-C08D-4BAF-99D0-BA2882259F40}"
EndProject
Project("{A33008B1-5DAC-44D5-9060-242E3B6E38F2}") = "Boo.Lang.Useful", "Boo.Lang.Useful\Boo.Lang.Useful.booproj", "{C7CA440B-2A76-420D-8B0E-5E5C1676F451}"
EndProject
Project("{A33008B1-5DAC-44D5-9060-242E3B6E38F2}") = "SuperEngineLibAuto", "SuperEngineLibAuto\SuperEngineLibAuto.booproj", "{62497D10-C3A6-4617-A3D6-D8DE4F2672B0}"
EndProject
Project("{A33008B1-5DAC-44D5-9060-242E3B6E38F2}") = "SuperEngineLib", "SuperEngineLib\SuperEngineLib.booproj", "{8109E0E3-A49C-4871-A04D-10B6633C9102}"
EndProject
Project("{A33008B1-5DAC-44D5-9060-242E3B6E38F2}") = "SuperEngine", "SuperEngine\SuperEngine.booproj", "{CF531744-3456-4A68-BE3D-F66591663114}"
EndProject
Global
	GlobalSection(SolutionConfigurationPlatforms) = preSolution
		Debug|x86 = Debug|x86
		Release|x86 = Release|x86
		Debug|Any CPU = Debug|Any CPU
		Release|Any CPU = Release|Any CPU
	EndGlobalSection
	GlobalSection(ProjectConfigurationPlatforms) = postSolution
		{62497D10-C3A6-4617-A3D6-D8DE4F2672B0}.Debug|x86.Build.0 = Debug|x86
		{62497D10-C3A6-4617-A3D6-D8DE4F2672B0}.Debug|x86.ActiveCfg = Debug|x86
		{62497D10-C3A6-4617-A3D6-D8DE4F2672B0}.Release|x86.Build.0 = Release|x86
		{62497D10-C3A6-4617-A3D6-D8DE4F2672B0}.Release|x86.ActiveCfg = Release|x86
		{8109E0E3-A49C-4871-A04D-10B6633C9102}.Debug|x86.Build.0 = Debug|x86
		{8109E0E3-A49C-4871-A04D-10B6633C9102}.Debug|x86.ActiveCfg = Debug|x86
		{8109E0E3-A49C-4871-A04D-10B6633C9102}.Debug|Any CPU.Build.0 = Debug|x86
		{8109E0E3-A49C-4871-A04D-10B6633C9102}.Debug|Any CPU.ActiveCfg = Debug|x86
		{8109E0E3-A49C-4871-A04D-10B6633C9102}.Release|x86.Build.0 = Release|x86
		{8109E0E3-A49C-4871-A04D-10B6633C9102}.Release|x86.ActiveCfg = Release|x86
		{8109E0E3-A49C-4871-A04D-10B6633C9102}.Release|Any CPU.Build.0 = Release|x86
		{8109E0E3-A49C-4871-A04D-10B6633C9102}.Release|Any CPU.ActiveCfg = Release|x86
		{C7CA440B-2A76-420D-8B0E-5E5C1676F451}.Debug|x86.Build.0 = Debug|Any CPU
		{C7CA440B-2A76-420D-8B0E-5E5C1676F451}.Debug|x86.ActiveCfg = Debug|Any CPU
		{C7CA440B-2A76-420D-8B0E-5E5C1676F451}.Debug|Any CPU.Build.0 = Debug|Any CPU
		{C7CA440B-2A76-420D-8B0E-5E5C1676F451}.Debug|Any CPU.ActiveCfg = Debug|Any CPU
		{C7CA440B-2A76-420D-8B0E-5E5C1676F451}.Release|x86.Build.0 = Release|Any CPU
		{C7CA440B-2A76-420D-8B0E-5E5C1676F451}.Release|x86.ActiveCfg = Release|Any CPU
		{C7CA440B-2A76-420D-8B0E-5E5C1676F451}.Release|Any CPU.Build.0 = Release|Any CPU
		{C7CA440B-2A76-420D-8B0E-5E5C1676F451}.Release|Any CPU.ActiveCfg = Release|Any CPU
		{48E18542-C08D-4BAF-99D0-BA2882259F40}.Debug|x86.Build.0 = Debug|Any CPU
		{48E18542-C08D-4BAF-99D0-BA2882259F40}.Debug|x86.ActiveCfg = Debug|Any CPU
		{48E18542-C08D-4BAF-99D0-BA2882259F40}.Debug|Any CPU.Build.0 = Debug|Any CPU
		{48E18542-C08D-4BAF-99D0-BA2882259F40}.Debug|Any CPU.ActiveCfg = Debug|Any CPU
		{48E18542-C08D-4BAF-99D0-BA2882259F40}.Release|x86.Build.0 = Release|Any CPU
		{48E18542-C08D-4BAF-99D0-BA2882259F40}.Release|x86.ActiveCfg = Release|Any CPU
		{48E18542-C08D-4BAF-99D0-BA2882259F40}.Release|Any CPU.Build.0 = Release|Any CPU
		{48E18542-C08D-4BAF-99D0-BA2882259F40}.Release|Any CPU.ActiveCfg = Release|Any CPU
		{62497D10-C3A6-4617-A3D6-D8DE4F2672B0}.Debug|Any CPU.Build.0 = Debug|Any CPU
		{62497D10-C3A6-4617-A3D6-D8DE4F2672B0}.Debug|Any CPU.ActiveCfg = Debug|Any CPU
		{62497D10-C3A6-4617-A3D6-D8DE4F2672B0}.Release|Any CPU.Build.0 = Release|Any CPU
		{62497D10-C3A6-4617-A3D6-D8DE4F2672B0}.Release|Any CPU.ActiveCfg = Release|Any CPU
		{CF531744-3456-4A68-BE3D-F66591663114}.Debug|x86.Build.0 = Debug|Any CPU
		{CF531744-3456-4A68-BE3D-F66591663114}.Debug|x86.ActiveCfg = Debug|Any CPU
		{CF531744-3456-4A68-BE3D-F66591663114}.Debug|Any CPU.Build.0 = Debug|Any CPU
		{CF531744-3456-4A68-BE3D-F66591663114}.Debug|Any CPU.ActiveCfg = Debug|Any CPU
		{CF531744-3456-4A68-BE3D-F66591663114}.Release|x86.Build.0 = Release|Any CPU
		{CF531744-3456-4A68-BE3D-F66591663114}.Release|x86.ActiveCfg = Release|Any CPU
		{CF531744-3456-4A68-BE3D-F66591663114}.Release|Any CPU.Build.0 = Release|Any CPU
		{CF531744-3456-4A68-BE3D-F66591663114}.Release|Any CPU.ActiveCfg = Release|Any CPU
		{91DD5A2D-9FE3-4C3C-9253-876141874DAD}.Debug|x86.Build.0 = Debug|Any CPU
		{91DD5A2D-9FE3-4C3C-9253-876141874DAD}.Debug|x86.ActiveCfg = Debug|Any CPU
		{91DD5A2D-9FE3-4C3C-9253-876141874DAD}.Debug|Any CPU.Build.0 = Debug|Any CPU
		{91DD5A2D-9FE3-4C3C-9253-876141874DAD}.Debug|Any CPU.ActiveCfg = Debug|Any CPU
		{91DD5A2D-9FE3-4C3C-9253-876141874DAD}.Release|x86.Build.0 = Release|Any CPU
		{91DD5A2D-9FE3-4C3C-9253-876141874DAD}.Release|x86.ActiveCfg = Release|Any CPU
		{91DD5A2D-9FE3-4C3C-9253-876141874DAD}.Release|Any CPU.Build.0 = Release|Any CPU
		{91DD5A2D-9FE3-4C3C-9253-876141874DAD}.Release|Any CPU.ActiveCfg = Release|Any CPU
		{EA2F08DC-8289-4A89-A405-1A70D8B4C569}.Debug|x86.Build.0 = Debug|Any CPU
		{EA2F08DC-8289-4A89-A405-1A70D8B4C569}.Debug|x86.ActiveCfg = Debug|Any CPU
		{EA2F08DC-8289-4A89-A405-1A70D8B4C569}.Debug|Any CPU.Build.0 = Debug|Any CPU
		{EA2F08DC-8289-4A89-A405-1A70D8B4C569}.Debug|Any CPU.ActiveCfg = Debug|Any CPU
		{EA2F08DC-8289-4A89-A405-1A70D8B4C569}.Release|x86.Build.0 = Release|Any CPU
		{EA2F08DC-8289-4A89-A405-1A70D8B4C569}.Release|x86.ActiveCfg = Release|Any CPU
		{EA2F08DC-8289-4A89-A405-1A70D8B4C569}.Release|Any CPU.Build.0 = Release|Any CPU
		{EA2F08DC-8289-4A89-A405-1A70D8B4C569}.Release|Any CPU.ActiveCfg = Release|Any CPU
		{42D1CE65-A14B-4218-B787-58AD7AA68513}.Debug|x86.Build.0 = Debug|Any CPU
		{42D1CE65-A14B-4218-B787-58AD7AA68513}.Debug|x86.ActiveCfg = Debug|Any CPU
		{42D1CE65-A14B-4218-B787-58AD7AA68513}.Debug|Any CPU.Build.0 = Debug|Any CPU
		{42D1CE65-A14B-4218-B787-58AD7AA68513}.Debug|Any CPU.ActiveCfg = Debug|Any CPU
		{42D1CE65-A14B-4218-B787-58AD7AA68513}.Release|x86.Build.0 = Release|Any CPU
		{42D1CE65-A14B-4218-B787-58AD7AA68513}.Release|x86.ActiveCfg = Release|Any CPU
		{42D1CE65-A14B-4218-B787-58AD7AA68513}.Release|Any CPU.Build.0 = Release|Any CPU
		{42D1CE65-A14B-4218-B787-58AD7AA68513}.Release|Any CPU.ActiveCfg = Release|Any CPU
		{B4B44F14-32C3-4D50-8C6A-06AA30E56CA3}.Debug|x86.Build.0 = Debug|Any CPU
		{B4B44F14-32C3-4D50-8C6A-06AA30E56CA3}.Debug|x86.ActiveCfg = Debug|Any CPU
		{B4B44F14-32C3-4D50-8C6A-06AA30E56CA3}.Debug|Any CPU.Build.0 = Debug|Any CPU
		{B4B44F14-32C3-4D50-8C6A-06AA30E56CA3}.Debug|Any CPU.ActiveCfg = Debug|Any CPU
		{B4B44F14-32C3-4D50-8C6A-06AA30E56CA3}.Release|x86.Build.0 = Release|Any CPU
		{B4B44F14-32C3-4D50-8C6A-06AA30E56CA3}.Release|x86.ActiveCfg = Release|Any CPU
		{B4B44F14-32C3-4D50-8C6A-06AA30E56CA3}.Release|Any CPU.Build.0 = Release|Any CPU
		{B4B44F14-32C3-4D50-8C6A-06AA30E56CA3}.Release|Any CPU.ActiveCfg = Release|Any CPU
		{A85C9721-C054-4BD8-A1F3-0227615F0A36}.Debug|x86.Build.0 = Debug|Any CPU
		{A85C9721-C054-4BD8-A1F3-0227615F0A36}.Debug|x86.ActiveCfg = Debug|Any CPU
		{A85C9721-C054-4BD8-A1F3-0227615F0A36}.Debug|Any CPU.Build.0 = Debug|Any CPU
		{A85C9721-C054-4BD8-A1F3-0227615F0A36}.Debug|Any CPU.ActiveCfg = Debug|Any CPU
		{A85C9721-C054-4BD8-A1F3-0227615F0A36}.Release|x86.Build.0 = Release|Any CPU
		{A85C9721-C054-4BD8-A1F3-0227615F0A36}.Release|x86.ActiveCfg = Release|Any CPU
		{A85C9721-C054-4BD8-A1F3-0227615F0A36}.Release|Any CPU.Build.0 = Release|Any CPU
		{A85C9721-C054-4BD8-A1F3-0227615F0A36}.Release|Any CPU.ActiveCfg = Release|Any CPU
	EndGlobalSection
	GlobalSection(NestedProjects) = preSolution
		{EB54807C-494D-4361-BBF3-092202A61F31} = {DEBB6187-BBD0-4073-80F6-35953E2E93E9}
		{BCE759CF-38D7-45B1-A53B-86772EB21ED1} = {DEBB6187-BBD0-4073-80F6-35953E2E93E9}
		{91DD5A2D-9FE3-4C3C-9253-876141874DAD} = {EB54807C-494D-4361-BBF3-092202A61F31}
		{EA2F08DC-8289-4A89-A405-1A70D8B4C569} = {EB54807C-494D-4361-BBF3-092202A61F31}
		{42D1CE65-A14B-4218-B787-58AD7AA68513} = {EB54807C-494D-4361-BBF3-092202A61F31}
		{B4B44F14-32C3-4D50-8C6A-06AA30E56CA3} = {EB54807C-494D-4361-BBF3-092202A61F31}
		{A85C9721-C054-4BD8-A1F3-0227615F0A36} = {EB54807C-494D-4361-BBF3-092202A61F31}
		{48E18542-C08D-4BAF-99D0-BA2882259F40} = {BCE759CF-38D7-45B1-A53B-86772EB21ED1}
		{C7CA440B-2A76-420D-8B0E-5E5C1676F451} = {BCE759CF-38D7-45B1-A53B-86772EB21ED1}
	EndGlobalSection
EndGlobal
